PODS:
  - AFNetworking (2.6.0):
    - AFNetworking/NSURLConnection (= 2.6.0)
    - AFNetworking/NSURLSession (= 2.6.0)
    - AFNetworking/Reachability (= 2.6.0)
    - AFNetworking/Security (= 2.6.0)
    - AFNetworking/Serialization (= 2.6.0)
    - AFNetworking/UIKit (= 2.6.0)
  - AFNetworking/NSURLConnection (2.6.0):
    - AFNetworking/Reachability
    - AFNetworking/Security
    - AFNetworking/Serialization
  - AFNetworking/NSURLSession (2.6.0):
    - AFNetworking/Reachability
    - AFNetworking/Security
    - AFNetworking/Serialization
  - AFNetworking/Reachability (2.6.0)
  - AFNetworking/Security (2.6.0)
  - AFNetworking/Serialization (2.6.0)
  - AFNetworking/UIKit (2.6.0):
    - AFNetworking/NSURLConnection
    - AFNetworking/NSURLSession
  - FLKAutoLayout (0.2.1)
  - ORStackView (2.0.0):
    - FLKAutoLayout (~> 0.1)
  - SwiftyJSON (2.2.1)
  - youtube-ios-player-helper (0.1.4)

DEPENDENCIES:
  - AFNetworking (~> 2.5)
  - ORStackView (~> 2.0)
  - SwiftyJSON (~> 2.2.0)
  - youtube-ios-player-helper (~> 0.1.4)

SPEC CHECKSUMS:
  AFNetworking: 79f7eb1a0fcfa7beb409332b2ca49afe9ce53b05
  FLKAutoLayout: 9db6b30c2008d230da608e62c607b11c23b942e6
  ORStackView: 5df6b1b990b0648d8ef6f69f89361ea8648e8f64
  SwiftyJSON: ae2d0a3d68025d136602a33c4ee215091ced3e33
  youtube-ios-player-helper: 84b1485ebb4b7c6b619c6e05edcb55186723a7c6

COCOAPODS: 0.38.2
